// !$*UTF8*$!
{
	archiveVersion = 1;
	classes = {
	};
	objectVersion = 50;
	objects = {

/* Begin PBXBuildFile section */
		03D419F828E6A8CF002A275D /* AppDelegate.swift in Sources */ = {isa = PBXBuildFile; fileRef = 03D419F728E6A8CF002A275D /* AppDelegate.swift */; };
		03D419FA28E6A8CF002A275D /* SceneDelegate.swift in Sources */ = {isa = PBXBuildFile; fileRef = 03D419F928E6A8CF002A275D /* SceneDelegate.swift */; };
		03D419FC28E6A8CF002A275D /* Screen1.swift in Sources */ = {isa = PBXBuildFile; fileRef = 03D419FB28E6A8CF002A275D /* Screen1.swift */; };
		03D419FF28E6A8CF002A275D /* Main.storyboard in Resources */ = {isa = PBXBuildFile; fileRef = 03D419FD28E6A8CF002A275D /* Main.storyboard */; };
		03D41A0128E6A8D0002A275D /* Assets.xcassets in Resources */ = {isa = PBXBuildFile; fileRef = 03D41A0028E6A8D0002A275D /* Assets.xcassets */; };
		03D41A0428E6A8D0002A275D /* LaunchScreen.storyboard in Resources */ = {isa = PBXBuildFile; fileRef = 03D41A0228E6A8D0002A275D /* LaunchScreen.storyboard */; };
		03D41A0F28E6C774002A275D /* Screen2.swift in Sources */ = {isa = PBXBuildFile; fileRef = 03D41A0E28E6C774002A275D /* Screen2.swift */; };
		03D41A1228EAAD41002A275D /* naname.png in Resources */ = {isa = PBXBuildFile; fileRef = 03D41A1128EAAD41002A275D /* naname.png */; };
		03D41A1528EAADF7002A275D /* monday.png in Resources */ = {isa = PBXBuildFile; fileRef = 03D41A1428EAADF7002A275D /* monday.png */; };
		03D41A1828EAB41D002A275D /* DiaryCell.swift in Sources */ = {isa = PBXBuildFile; fileRef = 03D41A1728EAB41D002A275D /* DiaryCell.swift */; };
		03D41A1D28EABF25002A275D /* imagecat.png in Resources */ = {isa = PBXBuildFile; fileRef = 03D41A1C28EABF25002A275D /* imagecat.png */; };
/* End PBXBuildFile section */

/* Begin PBXFileReference section */
		03D419F428E6A8CF002A275D /* test.app */ = {isa = PBXFileReference; explicitFileType = wrapper.application; includeInIndex = 0; path = test.app; sourceTree = BUILT_PRODUCTS_DIR; };
		03D419F728E6A8CF002A275D /* AppDelegate.swift */ = {isa = PBXFileReference; lastKnownFileType = sourcecode.swift; path = AppDelegate.swift; sourceTree = "<group>"; };
		03D419F928E6A8CF002A275D /* SceneDelegate.swift */ = {isa = PBXFileReference; lastKnownFileType = sourcecode.swift; path = SceneDelegate.swift; sourceTree = "<group>"; };
		03D419FB28E6A8CF002A275D /* Screen1.swift */ = {isa = PBXFileReference; lastKnownFileType = sourcecode.swift; path = Screen1.swift; sourceTree = "<group>"; };
		03D419FE28E6A8CF002A275D /* Base */ = {isa = PBXFileReference; lastKnownFileType = file.storyboard; name = Base; path = Base.lproj/Main.storyboard; sourceTree = "<group>"; };
		03D41A0028E6A8D0002A275D /* Assets.xcassets */ = {isa = PBXFileReference; lastKnownFileType = folder.assetcatalog; path = Assets.xcassets; sourceTree = "<group>"; };
		03D41A0328E6A8D0002A275D /* Base */ = {isa = PBXFileReference; lastKnownFileType = file.storyboard; name = Base; path = Base.lproj/LaunchScreen.storyboard; sourceTree = "<group>"; };
		03D41A0528E6A8D0002A275D /* Info.plist */ = {isa = PBXFileReference; lastKnownFileType = text.plist.xml; path = Info.plist; sourceTree = "<group>"; };
		03D41A0E28E6C774002A275D /* Screen2.swift */ = {isa = PBXFileReference; lastKnownFileType = sourcecode.swift; path = Screen2.swift; sourceTree = "<group>"; };
		03D41A1128EAAD41002A275D /* naname.png */ = {isa = PBXFileReference; lastKnownFileType = image.png; path = naname.png; sourceTree = "<group>"; };
		03D41A1428EAADF7002A275D /* monday.png */ = {isa = PBXFileReference; lastKnownFileType = image.png; path = monday.png; sourceTree = "<group>"; };
		03D41A1728EAB41D002A275D /* DiaryCell.swift */ = {isa = PBXFileReference; lastKnownFileType = sourcecode.swift; path = DiaryCell.swift; sourceTree = "<group>"; };
		03D41A1C28EABF25002A275D /* imagecat.png */ = {isa = PBXFileReference; lastKnownFileType = image.png; path = imagecat.png; sourceTree = "<group>"; };
/* End PBXFileReference section */

/* Begin PBXFrameworksBuildPhase section */
		03D419F128E6A8CF002A275D /* Frameworks */ = {
			isa = PBXFrameworksBuildPhase;
			buildActionMask = 2147483647;
			files = (
			);
			runOnlyForDeploymentPostprocessing = 0;
		};
/* End PBXFrameworksBuildPhase section */

/* Begin PBXGroup section */
		03D419EB28E6A8CF002A275D = {
			isa = PBXGroup;
			children = (
				03D419F628E6A8CF002A275D /* test */,
				03D419F528E6A8CF002A275D /* Products */,
			);
			sourceTree = "<group>";
		};
		03D419F528E6A8CF002A275D /* Products */ = {
			isa = PBXGroup;
			children = (
				03D419F428E6A8CF002A275D /* test.app */,
			);
			name = Products;
			sourceTree = "<group>";
		};
		03D419F628E6A8CF002A275D /* test */ = {
			isa = PBXGroup;
			children = (
				03D41A1128EAAD41002A275D /* naname.png */,
				03D41A1428EAADF7002A275D /* monday.png */,
				03D41A1C28EABF25002A275D /* imagecat.png */,
				03D419F728E6A8CF002A275D /* AppDelegate.swift */,
				03D419F928E6A8CF002A275D /* SceneDelegate.swift */,
				03D419FB28E6A8CF002A275D /* Screen1.swift */,
				03D41A0E28E6C774002A275D /* Screen2.swift */,
				03D41A1728EAB41D002A275D /* DiaryCell.swift */,
				03D419FD28E6A8CF002A275D /* Main.storyboard */,
				03D41A0028E6A8D0002A275D /* Assets.xcassets */,
				03D41A0228E6A8D0002A275D /* LaunchScreen.storyboard */,
				03D41A0528E6A8D0002A275D /* Info.plist */,
			);
			path = test;
			sourceTree = "<group>";
		};
/* End PBXGroup section */

/* Begin PBXNativeTarget section */
		03D419F328E6A8CF002A275D /* test */ = {
			isa = PBXNativeTarget;
			buildConfigurationList = 03D41A0828E6A8D0002A275D /* Build configuration list for PBXNativeTarget "test" */;
			buildPhases = (
				03D419F028E6A8CF002A275D /* Sources */,
				03D419F128E6A8CF002A275D /* Frameworks */,
				03D419F228E6A8CF002A275D /* Resources */,
			);
			buildRules = (
			);
			dependencies = (
			);
			name = test;
			productName = test;
			productReference = 03D419F428E6A8CF002A275D /* test.app */;
			productType = "com.apple.product-type.application";
		};
/* End PBXNativeTarget section */

/* Begin PBXProject section */
		03D419EC28E6A8CF002A275D /* Project object */ = {
			isa = PBXProject;
			attributes = {
				LastSwiftUpdateCheck = 1230;
				LastUpgradeCheck = 1230;
				TargetAttributes = {
					03D419F328E6A8CF002A275D = {
						CreatedOnToolsVersion = 12.3;
					};
				};
			};
			buildConfigurationList = 03D419EF28E6A8CF002A275D /* Build configuration list for PBXProject "test" */;
			compatibilityVersion = "Xcode 9.3";
			developmentRegion = en;
			hasScannedForEncodings = 0;
			knownRegions = (
				en,
				Base,
			);
			mainGroup = 03D419EB28E6A8CF002A275D;
			productRefGroup = 03D419F528E6A8CF002A275D /* Products */;
			projectDirPath = "";
			projectRoot = "";
			targets = (
				03D419F328E6A8CF002A275D /* test */,
			);
		};
/* End PBXProject section */

/* Begin PBXResourcesBuildPhase section */
		03D419F228E6A8CF002A275D /* Resources */ = {
			isa = PBXResourcesBuildPhase;
			buildActionMask = 2147483647;
			files = (
				03D41A1D28EABF25002A275D /* imagecat.png in Resources */,
				03D41A0428E6A8D0002A275D /* LaunchScreen.storyboard in Resources */,
				03D41A1228EAAD41002A275D /* naname.png in Resources */,
				03D41A1528EAADF7002A275D /* monday.png in Resources */,
				03D41A0128E6A8D0002A275D /* Assets.xcassets in Resources */,
				03D419FF28E6A8CF002A275D /* Main.storyboard in Resources */,
			);
			runOnlyForDeploymentPostprocessing = 0;
		};
/* End PBXResourcesBuildPhase section */

/* Begin PBXSourcesBuildPhase section */
		03D419F028E6A8CF002A275D /* Sources */ = {
			isa = PBXSourcesBuildPhase;
			buildActionMask = 2147483647;
			files = (
				03D419FC28E6A8CF002A275D /* Screen1.swift in Sources */,
				03D41A1828EAB41D002A275D /* DiaryCell.swift in Sources */,
				03D419F828E6A8CF002A275D /* AppDelegate.swift in Sources */,
				03D41A0F28E6C774002A275D /* Screen2.swift in Sources */,
				03D419FA28E6A8CF002A275D /* SceneDelegate.swift in Sources */,
			);
			runOnlyForDeploymentPostprocessing = 0;
		};
/* End PBXSourcesBuildPhase section */

/* Begin PBXVariantGroup section */
		03D419FD28E6A8CF002A275D /* Main.storyboard */ = {
			isa = PBXVariantGroup;
			children = (
				03D419FE28E6A8CF002A275D /* Base */,
			);
			name = Main.storyboard;
			sourceTree = "<group>";
		};
		03D41A0228E6A8D0002A275D /* LaunchScreen.storyboard */ = {
			isa = PBXVariantGroup;
			children = (
				03D41A0328E6A8D0002A275D /* Base */,
			);
			name = LaunchScreen.storyboard;
			sourceTree = "<group>";
		};
/* End PBXVariantGroup section */

/* Begin XCBuildConfiguration section */
		03D41A0628E6A8D0002A275D /* Debug */ = {
			isa = XCBuildConfiguration;
			buildSettings = {
				ALWAYS_SEARCH_USER_PATHS = NO;
				CLANG_ANALYZER_NONNULL = YES;
				CLANG_ANALYZER_NUMBER_OBJECT_CONVERSION = YES_AGGRESSIVE;
				CLANG_CXX_LANGUAGE_STANDARD = "gnu++14";
				CLANG_CXX_LIBRARY = "libc++";
				CLANG_ENABLE_MODULES = YES;
				CLANG_ENABLE_OBJC_ARC = YES;
				CLANG_ENABLE_OBJC_WEAK = YES;
				CLANG_WARN_BLOCK_CAPTURE_AUTORELEASING = YES;
				CLANG_WARN_BOOL_CONVERSION = YES;
				CLANG_WARN_COMMA = YES;
				CLANG_WARN_CONSTANT_CONVERSION = YES;
				CLANG_WARN_DEPRECATED_OBJC_IMPLEMENTATIONS = YES;
				CLANG_WARN_DIRECT_OBJC_ISA_USAGE = YES_ERROR;
				CLANG_WARN_DOCUMENTATION_COMMENTS = YES;
				CLANG_WARN_EMPTY_BODY = YES;
				CLANG_WARN_ENUM_CONVERSION = YES;
				CLANG_WARN_INFINITE_RECURSION = YES;
				CLANG_WARN_INT_CONVERSION = YES;
				CLANG_WARN_NON_LITERAL_NULL_CONVERSION = YES;
				CLANG_WARN_OBJC_IMPLICIT_RETAIN_SELF = YES;
				CLANG_WARN_OBJC_LITERAL_CONVERSION = YES;
				CLANG_WARN_OBJC_ROOT_CLASS = YES_ERROR;
				CLANG_WARN_QUOTED_INCLUDE_IN_FRAMEWORK_HEADER = YES;
				CLANG_WARN_RANGE_LOOP_ANALYSIS = YES;
				CLANG_WARN_STRICT_PROTOTYPES = YES;
				CLANG_WARN_SUSPICIOUS_MOVE = YES;
				CLANG_WARN_UNGUARDED_AVAILABILITY = YES_AGGRESSIVE;
				CLANG_WARN_UNREACHABLE_CODE = YES;
				CLANG_WARN__DUPLICATE_METHOD_MATCH = YES;
				COPY_PHASE_STRIP = NO;
				DEBUG_INFORMATION_FORMAT = dwarf;
				ENABLE_STRICT_OBJC_MSGSEND = YES;
				ENABLE_TESTABILITY = YES;
				GCC_C_LANGUAGE_STANDARD = gnu11;
				GCC_DYNAMIC_NO_PIC = NO;
				GCC_NO_COMMON_BLOCKS = YES;
				GCC_OPTIMIZATION_LEVEL = 0;
				GCC_PREPROCESSOR_DEFINITIONS = (
					"DEBUG=1",
					"$(inherited)",
				);
				GCC_WARN_64_TO_32_BIT_CONVERSION = YES;
				GCC_WARN_ABOUT_RETURN_TYPE = YES_ERROR;
				GCC_WARN_UNDECLARED_SELECTOR = YES;
				GCC_WARN_UNINITIALIZED_AUTOS = YES_AGGRESSIVE;
				GCC_WARN_UNUSED_FUNCTION = YES;
				GCC_WARN_UNUSED_VARIABLE = YES;
				IPHONEOS_DEPLOYMENT_TARGET = 14.3;
				MTL_ENABLE_DEBUG_INFO = INCLUDE_SOURCE;
				MTL_FAST_MATH = YES;
				ONLY_ACTIVE_ARCH = YES;
				SDKROOT = iphoneos;
				SWIFT_ACTIVE_COMPILATION_CONDITIONS = DEBUG;
				SWIFT_OPTIMIZATION_LEVEL = "-Onone";
			};
			name = Debug;
		};
		03D41A0728E6A8D0002A275D /* Release */ = {
			isa = XCBuildConfiguration;
			buildSettings = {
				ALWAYS_SEARCH_USER_PATHS = NO;
				CLANG_ANALYZER_NONNULL = YES;
				CLANG_ANALYZER_NUMBER_OBJECT_CONVERSION = YES_AGGRESSIVE;
				CLANG_CXX_LANGUAGE_STANDARD = "gnu++14";
				CLANG_CXX_LIBRARY = "libc++";
				CLANG_ENABLE_MODULES = YES;
				CLANG_ENABLE_OBJC_ARC = YES;
				CLANG_ENABLE_OBJC_WEAK = YES;
				CLANG_WARN_BLOCK_CAPTURE_AUTORELEASING = YES;
				CLANG_WARN_BOOL_CONVERSION = YES;
				CLANG_WARN_COMMA = YES;
				CLANG_WARN_CONSTANT_CONVERSION = YES;
				CLANG_WARN_DEPRECATED_OBJC_IMPLEMENTATIONS = YES;
				CLANG_WARN_DIRECT_OBJC_ISA_USAGE = YES_ERROR;
				CLANG_WARN_DOCUMENTATION_COMMENTS = YES;
				CLANG_WARN_EMPTY_BODY = YES;
				CLANG_WARN_ENUM_CONVERSION = YES;
				CLANG_WARN_INFINITE_RECURSION = YES;
				CLANG_WARN_INT_CONVERSION = YES;
				CLANG_WARN_NON_LITERAL_NULL_CONVERSION = YES;
				CLANG_WARN_OBJC_IMPLICIT_RETAIN_SELF = YES;
				CLANG_WARN_OBJC_LITERAL_CONVERSION = YES;
				CLANG_WARN_OBJC_ROOT_CLASS = YES_ERROR;
				CLANG_WARN_QUOTED_INCLUDE_IN_FRAMEWORK_HEADER = YES;
				CLANG_WARN_RANGE_LOOP_ANALYSIS = YES;
				CLANG_WARN_STRICT_PROTOTYPES = YES;
				CLANG_WARN_SUSPICIOUS_MOVE = YES;
				CLANG_WARN_UNGUARDED_AVAILABILITY = YES_AGGRESSIVE;
				CLANG_WARN_UNREACHABLE_CODE = YES;
				CLANG_WARN__DUPLICATE_METHOD_MATCH = YES;
				COPY_PHASE_STRIP = NO;
				DEBUG_INFORMATION_FORMAT = "dwarf-with-dsym";
				ENABLE_NS_ASSERTIONS = NO;
				ENABLE_STRICT_OBJC_MSGSEND = YES;
				GCC_C_LANGUAGE_STANDARD = gnu11;
				GCC_NO_COMMON_BLOCKS = YES;
				GCC_WARN_64_TO_32_BIT_CONVERSION = YES;
				GCC_WARN_ABOUT_RETURN_TYPE = YES_ERROR;
				GCC_WARN_UNDECLARED_SELECTOR = YES;
				GCC_WARN_UNINITIALIZED_AUTOS = YES_AGGRESSIVE;
				GCC_WARN_UNUSED_FUNCTION = YES;
				GCC_WARN_UNUSED_VARIABLE = YES;
				IPHONEOS_DEPLOYMENT_TARGET = 14.3;
				MTL_ENABLE_DEBUG_INFO = NO;
				MTL_FAST_MATH = YES;
				SDKROOT = iphoneos;
				SWIFT_COMPILATION_MODE = wholemodule;
				SWIFT_OPTIMIZATION_LEVEL = "-O";
				VALIDATE_PRODUCT = YES;
			};
			name = Release;
		};
		03D41A0928E6A8D0002A275D /* Debug */ = {
			isa = XCBuildConfiguration;
			buildSettings = {
				ASSETCATALOG_COMPILER_APPICON_NAME = AppIcon;
				ASSETCATALOG_COMPILER_GLOBAL_ACCENT_COLOR_NAME = AccentColor;
				CODE_SIGN_STYLE = Automatic;
				INFOPLIST_FILE = test/Info.plist;
				LD_RUNPATH_SEARCH_PATHS = (
					"$(inherited)",
					"@executable_path/Frameworks",
				);
				PRODUCT_BUNDLE_IDENTIFIER = jp.ay.test;
				PRODUCT_NAME = "$(TARGET_NAME)";
				SWIFT_VERSION = 5.0;
				TARGETED_DEVICE_FAMILY = "1,2";
			};
			name = Debug;
		};
		03D41A0A28E6A8D0002A275D /* Release */ = {
			isa = XCBuildConfiguration;
			buildSettings = {
				ASSETCATALOG_COMPILER_APPICON_NAME = AppIcon;
				ASSETCATALOG_COMPILER_GLOBAL_ACCENT_COLOR_NAME = AccentColor;
				CODE_SIGN_STYLE = Automatic;
				INFOPLIST_FILE = test/Info.plist;
				LD_RUNPATH_SEARCH_PATHS = (
					"$(inherited)",
					"@executable_path/Frameworks",
				);
				PRODUCT_BUNDLE_IDENTIFIER = jp.ay.test;
				PRODUCT_NAME = "$(TARGET_NAME)";
				SWIFT_VERSION = 5.0;
				TARGETED_DEVICE_FAMILY = "1,2";
			};
			name = Release;
		};
/* End XCBuildConfiguration section */

/* Begin XCConfigurationList section */
		03D419EF28E6A8CF002A275D /* Build configuration list for PBXProject "test" */ = {
			isa = XCConfigurationList;
			buildConfigurations = (
				03D41A0628E6A8D0002A275D /* Debug */,
				03D41A0728E6A8D0002A275D /* Release */,
			);
			defaultConfigurationIsVisible = 0;
			defaultConfigurationName = Release;
		};
		03D41A0828E6A8D0002A275D /* Build configuration list for PBXNativeTarget "test" */ = {
			isa = XCConfigurationList;
			buildConfigurations = (
				03D41A0928E6A8D0002A275D /* Debug */,
				03D41A0A28E6A8D0002A275D /* Release */,
			);
			defaultConfigurationIsVisible = 0;
			defaultConfigurationName = Release;
		};
/* End XCConfigurationList section */
	};
	rootObject = 03D419EC28E6A8CF002A275D /* Project object */;
}
